{
  "name": "backend-frontend",
  "version": "0.1.0",
  "lockfileVersion": 2,
  "requires": true,
  "packages": {
    "": {
      "name": "backend-frontend",
      "version": "0.1.0",
      "hasInstallScript": true,
      "dependencies": {
        "prettier": "^2.4.1",
        "vue2-gmap-custom-marker": "^6.0.1",
        "vue2-google-maps": "^0.10.7",
        "vuejs-auto-complete": "^0.9.0"
      }
    },
    "node_modules/@google/markerclustererplus": {
      "version": "5.1.3",
      "resolved": "https://registry.npmjs.org/@google/markerclustererplus/-/markerclustererplus-5.1.3.tgz",
      "integrity": "sha512-2wQGO6GGbKPC2tNmTz8ei1zBa64zV3QBBvgLHiPvYqUA63230qNqfQpN+nzsrl1RM40NJtty4Y1CEQKxq6MBGg==",
      "deprecated": "This package has moved to @googlemaps/markerclustererplus and the source is now at https://github.com/googlemaps/js-markerclustererplus."
    },
    "node_modules/babel-runtime": {
      "version": "6.26.0",
      "resolved": "https://registry.npmjs.org/babel-runtime/-/babel-runtime-6.26.0.tgz",
      "integrity": "sha1-llxwWGaOgrVde/4E/yM3vItWR/4=",
      "dependencies": {
        "core-js": "^2.4.0",
        "regenerator-runtime": "^0.11.0"
      }
    },
    "node_modules/core-js": {
      "version": "2.6.12",
      "resolved": "https://registry.npmjs.org/core-js/-/core-js-2.6.12.tgz",
      "integrity": "sha512-Kb2wC0fvsWfQrgk8HU5lW6U/Lcs8+9aaYcy4ZFc6DDlo4nZ7n70dEgE5rtR0oG6ufKDUnrwfWL1mXR5ljDatrQ==",
      "deprecated": "core-js@<3.3 is no longer maintained and not recommended for usage due to the number of issues. Because of the V8 engine whims, feature detection in old core-js versions could cause a slowdown up to 100x even if nothing is polyfilled. Please, upgrade your dependencies to the actual version of core-js.",
      "hasInstallScript": true
    },
    "node_modules/gmap-vue": {
      "version": "1.5.0",
      "resolved": "https://registry.npmjs.org/gmap-vue/-/gmap-vue-1.5.0.tgz",
      "integrity": "sha512-WE0VnSM1EsaTFVsnq53WGnre9cP1Q9DPCr0IiPmaoqsQioAKtTNBNyomrEvg0NIsVuxrdC2qvbgZPXCa8v/mBA==",
      "dependencies": {
        "@google/markerclustererplus": "^5.1.0"
      },
      "peerDependencies": {
        "vue": "^2.6.11"
      }
    },
    "node_modules/marker-clusterer-plus": {
      "version": "2.1.4",
      "resolved": "https://registry.npmjs.org/marker-clusterer-plus/-/marker-clusterer-plus-2.1.4.tgz",
      "integrity": "sha1-+O/3TVmdqzt9Dj/tUmTqDnBPXWc="
    },
    "node_modules/prettier": {
      "version": "2.4.1",
      "resolved": "https://registry.npmjs.org/prettier/-/prettier-2.4.1.tgz",
      "integrity": "sha512-9fbDAXSBcc6Bs1mZrDYb3XKzDLm4EXXL9sC1LqKP5rZkT6KRr/rf9amVUcODVXgguK/isJz0d0hP72WeaKWsvA==",
      "bin": {
        "prettier": "bin-prettier.js"
      },
      "engines": {
        "node": ">=10.13.0"
      }
    },
    "node_modules/regenerator-runtime": {
      "version": "0.11.1",
      "resolved": "https://registry.npmjs.org/regenerator-runtime/-/regenerator-runtime-0.11.1.tgz",
      "integrity": "sha512-MguG95oij0fC3QV3URf4V2SDYGJhJnJGqvIIgdECeODCT98wSWDAJ94SSuVpYQUoTcGUIL6L4yNB7j1DFFHSBg=="
    },
    "node_modules/vue": {
      "version": "2.6.14",
      "resolved": "https://registry.npmjs.org/vue/-/vue-2.6.14.tgz",
      "integrity": "sha512-x2284lgYvjOMj3Za7kqzRcUSxBboHqtgRE2zlos1qWaOye5yUmHn42LB1250NJBLRwEcdrB0JRwyPTEPhfQjiQ=="
    },
    "node_modules/vue2-gmap-custom-marker": {
      "version": "6.0.1",
      "resolved": "https://registry.npmjs.org/vue2-gmap-custom-marker/-/vue2-gmap-custom-marker-6.0.1.tgz",
      "integrity": "sha512-oYzH3Pdydu7n+GJsGfhxeCUasg8z+9YvthZ0OyNjmUgyyPaxjDjR+eX6RhFD1bcOGQstwi6ZaeEOjqAiuuorhg==",
      "dependencies": {
        "gmap-vue": "^1.5.0",
        "vue": "^2.x"
      }
    },
    "node_modules/vue2-google-maps": {
      "version": "0.10.7",
      "resolved": "https://registry.npmjs.org/vue2-google-maps/-/vue2-google-maps-0.10.7.tgz",
      "integrity": "sha512-y5aBJTAsfGvpsbfgPaeWU7o7QbOeINZKsP6SB9qrBe8U8EYBFO/bTWo3rcMq/NOtgT/XssV3Nwg/2u3no6jWbw==",
      "dependencies": {
        "babel-runtime": "^6.26.0",
        "marker-clusterer-plus": "^2.1.4"
      }
    },
    "node_modules/vuejs-auto-complete": {
      "version": "0.9.0",
      "resolved": "https://registry.npmjs.org/vuejs-auto-complete/-/vuejs-auto-complete-0.9.0.tgz",
      "integrity": "sha512-7UV3s9bXdnsbGARhHcOuDAszGUsz7JpsFKBfHQuQvo4rfH0yQIru2Rb/x2bWU+m+VW4fS9DKDSYi6tY511QSIA==",
      "engines": {
        "node": ">= 4.0.0",
        "npm": ">= 3.0.0"
      }
    }
  },
  "dependencies": {
    "@google/markerclustererplus": {
      "version": "5.1.3",
      "resolved": "https://registry.npmjs.org/@google/markerclustererplus/-/markerclustererplus-5.1.3.tgz",
      "integrity": "sha512-2wQGO6GGbKPC2tNmTz8ei1zBa64zV3QBBvgLHiPvYqUA63230qNqfQpN+nzsrl1RM40NJtty4Y1CEQKxq6MBGg=="
    },
    "babel-runtime": {
      "version": "6.26.0",
      "resolved": "https://registry.npmjs.org/babel-runtime/-/babel-runtime-6.26.0.tgz",
      "integrity": "sha1-llxwWGaOgrVde/4E/yM3vItWR/4=",
      "requires": {
        "core-js": "^2.4.0",
        "regenerator-runtime": "^0.11.0"
      }
    },
    "core-js": {
      "version": "2.6.12",
      "resolved": "https://registry.npmjs.org/core-js/-/core-js-2.6.12.tgz",
      "integrity": "sha512-Kb2wC0fvsWfQrgk8HU5lW6U/Lcs8+9aaYcy4ZFc6DDlo4nZ7n70dEgE5rtR0oG6ufKDUnrwfWL1mXR5ljDatrQ=="
    },
    "gmap-vue": {
      "version": "1.5.0",
      "resolved": "https://registry.npmjs.org/gmap-vue/-/gmap-vue-1.5.0.tgz",
      "integrity": "sha512-WE0VnSM1EsaTFVsnq53WGnre9cP1Q9DPCr0IiPmaoqsQioAKtTNBNyomrEvg0NIsVuxrdC2qvbgZPXCa8v/mBA==",
      "requires": {
        "@google/markerclustererplus": "^5.1.0"
      }
    },
    "marker-clusterer-plus": {
      "version": "2.1.4",
      "resolved": "https://registry.npmjs.org/marker-clusterer-plus/-/marker-clusterer-plus-2.1.4.tgz",
      "integrity": "sha1-+O/3TVmdqzt9Dj/tUmTqDnBPXWc="
    },
    "prettier": {
      "version": "2.4.1",
      "resolved": "https://registry.npmjs.org/prettier/-/prettier-2.4.1.tgz",
      "integrity": "sha512-9fbDAXSBcc6Bs1mZrDYb3XKzDLm4EXXL9sC1LqKP5rZkT6KRr/rf9amVUcODVXgguK/isJz0d0hP72WeaKWsvA=="
    },
    "regenerator-runtime": {
      "version": "0.11.1",
      "resolved": "https://registry.npmjs.org/regenerator-runtime/-/regenerator-runtime-0.11.1.tgz",
      "integrity": "sha512-MguG95oij0fC3QV3URf4V2SDYGJhJnJGqvIIgdECeODCT98wSWDAJ94SSuVpYQUoTcGUIL6L4yNB7j1DFFHSBg=="
    },
    "vue": {
      "version": "2.6.14",
      "resolved": "https://registry.npmjs.org/vue/-/vue-2.6.14.tgz",
      "integrity": "sha512-x2284lgYvjOMj3Za7kqzRcUSxBboHqtgRE2zlos1qWaOye5yUmHn42LB1250NJBLRwEcdrB0JRwyPTEPhfQjiQ=="
    },
    "vue2-gmap-custom-marker": {
      "version": "6.0.1",
      "resolved": "https://registry.npmjs.org/vue2-gmap-custom-marker/-/vue2-gmap-custom-marker-6.0.1.tgz",
      "integrity": "sha512-oYzH3Pdydu7n+GJsGfhxeCUasg8z+9YvthZ0OyNjmUgyyPaxjDjR+eX6RhFD1bcOGQstwi6ZaeEOjqAiuuorhg==",
      "requires": {
        "gmap-vue": "^1.5.0",
        "vue": "^2.x"
      }
    },
    "vue2-google-maps": {
      "version": "0.10.7",
      "resolved": "https://registry.npmjs.org/vue2-google-maps/-/vue2-google-maps-0.10.7.tgz",
      "integrity": "sha512-y5aBJTAsfGvpsbfgPaeWU7o7QbOeINZKsP6SB9qrBe8U8EYBFO/bTWo3rcMq/NOtgT/XssV3Nwg/2u3no6jWbw==",
      "requires": {
        "babel-runtime": "^6.26.0",
        "marker-clusterer-plus": "^2.1.4"
      }
    },
    "vuejs-auto-complete": {
      "version": "0.9.0",
      "resolved": "https://registry.npmjs.org/vuejs-auto-complete/-/vuejs-auto-complete-0.9.0.tgz",
      "integrity": "sha512-7UV3s9bXdnsbGARhHcOuDAszGUsz7JpsFKBfHQuQvo4rfH0yQIru2Rb/x2bWU+m+VW4fS9DKDSYi6tY511QSIA=="
    }
  }
}
